
Microsoft Visual Studio Solution File, Format Version 12.00
# Visual Studio Version 17
VisualStudioVersion = 17.0.31903.59
MinimumVisualStudioVersion = 10.0.40219.1
Project("{2150E333-8FDC-42A3-9474-1A3956D46DE8}") = "src", "src", "{827E0CD3-B72D-47B6-A68D-7590B98EB39B}"
EndProject
Project("{F2A71F9B-5D33-465A-A702-920D77279786}") = "FX.Spec.Core", "src\FX.Spec.Core\FX.Spec.Core.fsproj", "{226A677D-B1F9-48B9-901E-D07C1EF6DF4E}"
EndProject
Project("{F2A71F9B-5D33-465A-A702-920D77279786}") = "FX.Spec.Core.Tests", "tests\FX.Spec.Core.Tests\FX.Spec.Core.Tests.fsproj", "{91691E71-C09B-424D-8EBF-D686A034779E}"
EndProject
Project("{F2A71F9B-5D33-465A-A702-920D77279786}") = "FX.Spec.Matchers", "src\FX.Spec.Matchers\FX.Spec.Matchers.fsproj", "{9BD78E01-9602-4141-B570-D00859952CC1}"
EndProject
Project("{F2A71F9B-5D33-465A-A702-920D77279786}") = "FX.Spec.Matchers.Tests", "tests\FX.Spec.Matchers.Tests\FX.Spec.Matchers.Tests.fsproj", "{2B4B6FF9-05BA-4F48-802A-00F4E13E407B}"
EndProject
Project("{F2A71F9B-5D33-465A-A702-920D77279786}") = "FX.Spec.Runner", "src\FX.Spec.Runner\FX.Spec.Runner.fsproj", "{08249E75-DC3A-4C7B-8DE7-54E81D0295A9}"
EndProject
Project("{F2A71F9B-5D33-465A-A702-920D77279786}") = "FX.Spec.Http", "src\FX.Spec.Http\FX.Spec.Http.fsproj", "{7D04187A-ABB0-413D-91D5-18B2FC8C72DC}"
EndProject
Project("{F2A71F9B-5D33-465A-A702-920D77279786}") = "FX.Spec.Performance", "src\FX.Spec.Performance\FX.Spec.Performance.fsproj", "{4CFDF8C8-1C35-4A1A-8286-6C4A7A1B8B9E}"
EndProject
Project("{2150E333-8FDC-42A3-9474-1A3956D46DE8}") = "tests", "tests", "{0AB3BF05-4346-4AA6-1389-037BE0695223}"
EndProject
Project("{F2A71F9B-5D33-465A-A702-920D77279786}") = "FX.Spec.Http.Tests", "tests\FX.Spec.Http.Tests\FX.Spec.Http.Tests.fsproj", "{A4701D04-DAAA-4630-A506-8BD86E365836}"
EndProject
Project("{F2A71F9B-5D33-465A-A702-920D77279786}") = "FX.Spec.Performance.Tests", "tests\FX.Spec.Performance.Tests\FX.Spec.Performance.Tests.fsproj", "{8E3B70D1-F44F-4F14-9C4A-B607B6F6E0B9}"
EndProject
Global
	GlobalSection(SolutionConfigurationPlatforms) = preSolution
		Debug|Any CPU = Debug|Any CPU
		Debug|x64 = Debug|x64
		Debug|x86 = Debug|x86
		Release|Any CPU = Release|Any CPU
		Release|x64 = Release|x64
		Release|x86 = Release|x86
	EndGlobalSection
	GlobalSection(ProjectConfigurationPlatforms) = postSolution
		{226A677D-B1F9-48B9-901E-D07C1EF6DF4E}.Debug|Any CPU.ActiveCfg = Debug|Any CPU
		{226A677D-B1F9-48B9-901E-D07C1EF6DF4E}.Debug|Any CPU.Build.0 = Debug|Any CPU
		{226A677D-B1F9-48B9-901E-D07C1EF6DF4E}.Debug|x64.ActiveCfg = Debug|Any CPU
		{226A677D-B1F9-48B9-901E-D07C1EF6DF4E}.Debug|x64.Build.0 = Debug|Any CPU
		{226A677D-B1F9-48B9-901E-D07C1EF6DF4E}.Debug|x86.ActiveCfg = Debug|Any CPU
		{226A677D-B1F9-48B9-901E-D07C1EF6DF4E}.Debug|x86.Build.0 = Debug|Any CPU
		{226A677D-B1F9-48B9-901E-D07C1EF6DF4E}.Release|Any CPU.ActiveCfg = Release|Any CPU
		{226A677D-B1F9-48B9-901E-D07C1EF6DF4E}.Release|Any CPU.Build.0 = Release|Any CPU
		{226A677D-B1F9-48B9-901E-D07C1EF6DF4E}.Release|x64.ActiveCfg = Release|Any CPU
		{226A677D-B1F9-48B9-901E-D07C1EF6DF4E}.Release|x64.Build.0 = Release|Any CPU
		{226A677D-B1F9-48B9-901E-D07C1EF6DF4E}.Release|x86.ActiveCfg = Release|Any CPU
		{226A677D-B1F9-48B9-901E-D07C1EF6DF4E}.Release|x86.Build.0 = Release|Any CPU
		{91691E71-C09B-424D-8EBF-D686A034779E}.Debug|Any CPU.ActiveCfg = Debug|Any CPU
		{91691E71-C09B-424D-8EBF-D686A034779E}.Debug|Any CPU.Build.0 = Debug|Any CPU
		{91691E71-C09B-424D-8EBF-D686A034779E}.Debug|x64.ActiveCfg = Debug|Any CPU
		{91691E71-C09B-424D-8EBF-D686A034779E}.Debug|x64.Build.0 = Debug|Any CPU
		{91691E71-C09B-424D-8EBF-D686A034779E}.Debug|x86.ActiveCfg = Debug|Any CPU
		{91691E71-C09B-424D-8EBF-D686A034779E}.Debug|x86.Build.0 = Debug|Any CPU
		{91691E71-C09B-424D-8EBF-D686A034779E}.Release|Any CPU.ActiveCfg = Release|Any CPU
		{91691E71-C09B-424D-8EBF-D686A034779E}.Release|Any CPU.Build.0 = Release|Any CPU
		{91691E71-C09B-424D-8EBF-D686A034779E}.Release|x64.ActiveCfg = Release|Any CPU
		{91691E71-C09B-424D-8EBF-D686A034779E}.Release|x64.Build.0 = Release|Any CPU
		{91691E71-C09B-424D-8EBF-D686A034779E}.Release|x86.ActiveCfg = Release|Any CPU
		{91691E71-C09B-424D-8EBF-D686A034779E}.Release|x86.Build.0 = Release|Any CPU
		{9BD78E01-9602-4141-B570-D00859952CC1}.Debug|Any CPU.ActiveCfg = Debug|Any CPU
		{9BD78E01-9602-4141-B570-D00859952CC1}.Debug|Any CPU.Build.0 = Debug|Any CPU
		{9BD78E01-9602-4141-B570-D00859952CC1}.Debug|x64.ActiveCfg = Debug|Any CPU
		{9BD78E01-9602-4141-B570-D00859952CC1}.Debug|x64.Build.0 = Debug|Any CPU
		{9BD78E01-9602-4141-B570-D00859952CC1}.Debug|x86.ActiveCfg = Debug|Any CPU
		{9BD78E01-9602-4141-B570-D00859952CC1}.Debug|x86.Build.0 = Debug|Any CPU
		{9BD78E01-9602-4141-B570-D00859952CC1}.Release|Any CPU.ActiveCfg = Release|Any CPU
		{9BD78E01-9602-4141-B570-D00859952CC1}.Release|Any CPU.Build.0 = Release|Any CPU
		{9BD78E01-9602-4141-B570-D00859952CC1}.Release|x64.ActiveCfg = Release|Any CPU
		{9BD78E01-9602-4141-B570-D00859952CC1}.Release|x64.Build.0 = Release|Any CPU
		{9BD78E01-9602-4141-B570-D00859952CC1}.Release|x86.ActiveCfg = Release|Any CPU
		{9BD78E01-9602-4141-B570-D00859952CC1}.Release|x86.Build.0 = Release|Any CPU
		{2B4B6FF9-05BA-4F48-802A-00F4E13E407B}.Debug|Any CPU.ActiveCfg = Debug|Any CPU
		{2B4B6FF9-05BA-4F48-802A-00F4E13E407B}.Debug|Any CPU.Build.0 = Debug|Any CPU
		{2B4B6FF9-05BA-4F48-802A-00F4E13E407B}.Debug|x64.ActiveCfg = Debug|Any CPU
		{2B4B6FF9-05BA-4F48-802A-00F4E13E407B}.Debug|x64.Build.0 = Debug|Any CPU
		{2B4B6FF9-05BA-4F48-802A-00F4E13E407B}.Debug|x86.ActiveCfg = Debug|Any CPU
		{2B4B6FF9-05BA-4F48-802A-00F4E13E407B}.Debug|x86.Build.0 = Debug|Any CPU
		{2B4B6FF9-05BA-4F48-802A-00F4E13E407B}.Release|Any CPU.ActiveCfg = Release|Any CPU
		{2B4B6FF9-05BA-4F48-802A-00F4E13E407B}.Release|Any CPU.Build.0 = Release|Any CPU
		{2B4B6FF9-05BA-4F48-802A-00F4E13E407B}.Release|x64.ActiveCfg = Release|Any CPU
		{2B4B6FF9-05BA-4F48-802A-00F4E13E407B}.Release|x64.Build.0 = Release|Any CPU
		{2B4B6FF9-05BA-4F48-802A-00F4E13E407B}.Release|x86.ActiveCfg = Release|Any CPU
		{2B4B6FF9-05BA-4F48-802A-00F4E13E407B}.Release|x86.Build.0 = Release|Any CPU
		{08249E75-DC3A-4C7B-8DE7-54E81D0295A9}.Debug|Any CPU.ActiveCfg = Debug|Any CPU
		{08249E75-DC3A-4C7B-8DE7-54E81D0295A9}.Debug|Any CPU.Build.0 = Debug|Any CPU
		{08249E75-DC3A-4C7B-8DE7-54E81D0295A9}.Debug|x64.ActiveCfg = Debug|Any CPU
		{08249E75-DC3A-4C7B-8DE7-54E81D0295A9}.Debug|x64.Build.0 = Debug|Any CPU
		{08249E75-DC3A-4C7B-8DE7-54E81D0295A9}.Debug|x86.ActiveCfg = Debug|Any CPU
		{08249E75-DC3A-4C7B-8DE7-54E81D0295A9}.Debug|x86.Build.0 = Debug|Any CPU
		{08249E75-DC3A-4C7B-8DE7-54E81D0295A9}.Release|Any CPU.ActiveCfg = Release|Any CPU
		{08249E75-DC3A-4C7B-8DE7-54E81D0295A9}.Release|Any CPU.Build.0 = Release|Any CPU
		{08249E75-DC3A-4C7B-8DE7-54E81D0295A9}.Release|x64.ActiveCfg = Release|Any CPU
		{08249E75-DC3A-4C7B-8DE7-54E81D0295A9}.Release|x64.Build.0 = Release|Any CPU
		{08249E75-DC3A-4C7B-8DE7-54E81D0295A9}.Release|x86.ActiveCfg = Release|Any CPU
		{08249E75-DC3A-4C7B-8DE7-54E81D0295A9}.Release|x86.Build.0 = Release|Any CPU
		{7D04187A-ABB0-413D-91D5-18B2FC8C72DC}.Debug|Any CPU.ActiveCfg = Debug|Any CPU
		{7D04187A-ABB0-413D-91D5-18B2FC8C72DC}.Debug|Any CPU.Build.0 = Debug|Any CPU
		{7D04187A-ABB0-413D-91D5-18B2FC8C72DC}.Debug|x64.ActiveCfg = Debug|Any CPU
		{7D04187A-ABB0-413D-91D5-18B2FC8C72DC}.Debug|x64.Build.0 = Debug|Any CPU
		{7D04187A-ABB0-413D-91D5-18B2FC8C72DC}.Debug|x86.ActiveCfg = Debug|Any CPU
		{7D04187A-ABB0-413D-91D5-18B2FC8C72DC}.Debug|x86.Build.0 = Debug|Any CPU
		{7D04187A-ABB0-413D-91D5-18B2FC8C72DC}.Release|Any CPU.ActiveCfg = Release|Any CPU
		{7D04187A-ABB0-413D-91D5-18B2FC8C72DC}.Release|Any CPU.Build.0 = Release|Any CPU
		{7D04187A-ABB0-413D-91D5-18B2FC8C72DC}.Release|x64.ActiveCfg = Release|Any CPU
		{7D04187A-ABB0-413D-91D5-18B2FC8C72DC}.Release|x64.Build.0 = Release|Any CPU
		{7D04187A-ABB0-413D-91D5-18B2FC8C72DC}.Release|x86.ActiveCfg = Release|Any CPU
		{7D04187A-ABB0-413D-91D5-18B2FC8C72DC}.Release|x86.Build.0 = Release|Any CPU
		{4CFDF8C8-1C35-4A1A-8286-6C4A7A1B8B9E}.Debug|Any CPU.ActiveCfg = Debug|Any CPU
		{4CFDF8C8-1C35-4A1A-8286-6C4A7A1B8B9E}.Debug|Any CPU.Build.0 = Debug|Any CPU
		{4CFDF8C8-1C35-4A1A-8286-6C4A7A1B8B9E}.Debug|x64.ActiveCfg = Debug|Any CPU
		{4CFDF8C8-1C35-4A1A-8286-6C4A7A1B8B9E}.Debug|x64.Build.0 = Debug|Any CPU
		{4CFDF8C8-1C35-4A1A-8286-6C4A7A1B8B9E}.Debug|x86.ActiveCfg = Debug|Any CPU
		{4CFDF8C8-1C35-4A1A-8286-6C4A7A1B8B9E}.Debug|x86.Build.0 = Debug|Any CPU
		{4CFDF8C8-1C35-4A1A-8286-6C4A7A1B8B9E}.Release|Any CPU.ActiveCfg = Release|Any CPU
		{4CFDF8C8-1C35-4A1A-8286-6C4A7A1B8B9E}.Release|Any CPU.Build.0 = Release|Any CPU
		{4CFDF8C8-1C35-4A1A-8286-6C4A7A1B8B9E}.Release|x64.ActiveCfg = Release|Any CPU
		{4CFDF8C8-1C35-4A1A-8286-6C4A7A1B8B9E}.Release|x64.Build.0 = Release|Any CPU
		{4CFDF8C8-1C35-4A1A-8286-6C4A7A1B8B9E}.Release|x86.ActiveCfg = Release|Any CPU
		{4CFDF8C8-1C35-4A1A-8286-6C4A7A1B8B9E}.Release|x86.Build.0 = Release|Any CPU
		{A4701D04-DAAA-4630-A506-8BD86E365836}.Debug|Any CPU.ActiveCfg = Debug|Any CPU
		{A4701D04-DAAA-4630-A506-8BD86E365836}.Debug|Any CPU.Build.0 = Debug|Any CPU
		{A4701D04-DAAA-4630-A506-8BD86E365836}.Debug|x64.ActiveCfg = Debug|Any CPU
		{A4701D04-DAAA-4630-A506-8BD86E365836}.Debug|x64.Build.0 = Debug|Any CPU
		{A4701D04-DAAA-4630-A506-8BD86E365836}.Debug|x86.ActiveCfg = Debug|Any CPU
		{A4701D04-DAAA-4630-A506-8BD86E365836}.Debug|x86.Build.0 = Debug|Any CPU
		{A4701D04-DAAA-4630-A506-8BD86E365836}.Release|Any CPU.ActiveCfg = Release|Any CPU
		{A4701D04-DAAA-4630-A506-8BD86E365836}.Release|Any CPU.Build.0 = Release|Any CPU
		{A4701D04-DAAA-4630-A506-8BD86E365836}.Release|x64.ActiveCfg = Release|Any CPU
		{A4701D04-DAAA-4630-A506-8BD86E365836}.Release|x64.Build.0 = Release|Any CPU
		{A4701D04-DAAA-4630-A506-8BD86E365836}.Release|x86.ActiveCfg = Release|Any CPU
		{A4701D04-DAAA-4630-A506-8BD86E365836}.Release|x86.Build.0 = Release|Any CPU
		{8E3B70D1-F44F-4F14-9C4A-B607B6F6E0B9}.Debug|Any CPU.ActiveCfg = Debug|Any CPU
		{8E3B70D1-F44F-4F14-9C4A-B607B6F6E0B9}.Debug|Any CPU.Build.0 = Debug|Any CPU
		{8E3B70D1-F44F-4F14-9C4A-B607B6F6E0B9}.Debug|x64.ActiveCfg = Debug|Any CPU
		{8E3B70D1-F44F-4F14-9C4A-B607B6F6E0B9}.Debug|x64.Build.0 = Debug|Any CPU
		{8E3B70D1-F44F-4F14-9C4A-B607B6F6E0B9}.Debug|x86.ActiveCfg = Debug|Any CPU
		{8E3B70D1-F44F-4F14-9C4A-B607B6F6E0B9}.Debug|x86.Build.0 = Debug|Any CPU
		{8E3B70D1-F44F-4F14-9C4A-B607B6F6E0B9}.Release|Any CPU.ActiveCfg = Release|Any CPU
		{8E3B70D1-F44F-4F14-9C4A-B607B6F6E0B9}.Release|Any CPU.Build.0 = Release|Any CPU
		{8E3B70D1-F44F-4F14-9C4A-B607B6F6E0B9}.Release|x64.ActiveCfg = Release|Any CPU
		{8E3B70D1-F44F-4F14-9C4A-B607B6F6E0B9}.Release|x64.Build.0 = Release|Any CPU
		{8E3B70D1-F44F-4F14-9C4A-B607B6F6E0B9}.Release|x86.ActiveCfg = Release|Any CPU
		{8E3B70D1-F44F-4F14-9C4A-B607B6F6E0B9}.Release|x86.Build.0 = Release|Any CPU
	EndGlobalSection
	GlobalSection(SolutionProperties) = preSolution
		HideSolutionNode = FALSE
	EndGlobalSection
	GlobalSection(NestedProjects) = preSolution
		{226A677D-B1F9-48B9-901E-D07C1EF6DF4E} = {827E0CD3-B72D-47B6-A68D-7590B98EB39B}
		{91691E71-C09B-424D-8EBF-D686A034779E} = {827E0CD3-B72D-47B6-A68D-7590B98EB39B}
		{9BD78E01-9602-4141-B570-D00859952CC1} = {827E0CD3-B72D-47B6-A68D-7590B98EB39B}
		{2B4B6FF9-05BA-4F48-802A-00F4E13E407B} = {827E0CD3-B72D-47B6-A68D-7590B98EB39B}
		{08249E75-DC3A-4C7B-8DE7-54E81D0295A9} = {827E0CD3-B72D-47B6-A68D-7590B98EB39B}
		{7D04187A-ABB0-413D-91D5-18B2FC8C72DC} = {827E0CD3-B72D-47B6-A68D-7590B98EB39B}
		{4CFDF8C8-1C35-4A1A-8286-6C4A7A1B8B9E} = {827E0CD3-B72D-47B6-A68D-7590B98EB39B}
		{A4701D04-DAAA-4630-A506-8BD86E365836} = {0AB3BF05-4346-4AA6-1389-037BE0695223}
		{8E3B70D1-F44F-4F14-9C4A-B607B6F6E0B9} = {0AB3BF05-4346-4AA6-1389-037BE0695223}
	EndGlobalSection
EndGlobal
